
Microsoft Visual Studio Solution File, Format Version 12.00
# Visual Studio 15
VisualStudioVersion = 15.0.27130.2024
MinimumVisualStudioVersion = 10.0.40219.1
Project("{FAE04EC0-301F-11D3-BF4B-00C04F79EFBC}") = "ResourceFiles", "ResourceFiles\ResourceFiles.csproj", "{C9D7B0CB-8EFA-4AAF-ADC3-CFE89E1B8831}"
EndProject
Global
	GlobalSection(SolutionConfigurationPlatforms) = preSolution
		Debug|Any CPU = Debug|Any CPU
		Release|Any CPU = Release|Any CPU
	EndGlobalSection
	GlobalSection(ProjectConfigurationPlatforms) = postSolution
		{C9D7B0CB-8EFA-4AAF-ADC3-CFE89E1B8831}.Debug|Any CPU.ActiveCfg = Debug|Any CPU
		{C9D7B0CB-8EFA-4AAF-ADC3-CFE89E1B8831}.Debug|Any CPU.Build.0 = Debug|Any CPU
		{C9D7B0CB-8EFA-4AAF-ADC3-CFE89E1B8831}.Release|Any CPU.ActiveCfg = Release|Any CPU
		{C9D7B0CB-8EFA-4AAF-ADC3-CFE89E1B8831}.Release|Any CPU.Build.0 = Release|Any CPU
	EndGlobalSection
	GlobalSection(SolutionProperties) = preSolution
		HideSolutionNode = FALSE
	EndGlobalSection
	GlobalSection(ExtensibilityGlobals) = postSolution
		SolutionGuid = {82C71F13-E94B-4BBC-B197-1F798AFE45AA}
	EndGlobalSection
EndGlobal
